
Microsoft Visual Studio Solution File, Format Version 12.00
# Visual Studio Version 17
VisualStudioVersion = 17.10.34916.146
MinimumVisualStudioVersion = 10.0.40219.1
Project("{FAE04EC0-301F-11D3-BF4B-00C04F79EFBC}") = "Flower Orange Cloud Downloader", "Flower Orange Cloud Downloader\Flower Orange Cloud Downloader.csproj", "{10A644C0-6D05-4467-BD04-B820ED4A78EE}"
EndProject
Global
	GlobalSection(SolutionConfigurationPlatforms) = preSolution
		Debug|Any CPU = Debug|Any CPU
		Release|Any CPU = Release|Any CPU
	EndGlobalSection
	GlobalSection(ProjectConfigurationPlatforms) = postSolution
		{10A644C0-6D05-4467-BD04-B820ED4A78EE}.Debug|Any CPU.ActiveCfg = Debug|Any CPU
		{10A644C0-6D05-4467-BD04-B820ED4A78EE}.Debug|Any CPU.Build.0 = Debug|Any CPU
		{10A644C0-6D05-4467-BD04-B820ED4A78EE}.Release|Any CPU.ActiveCfg = Release|Any CPU
		{10A644C0-6D05-4467-BD04-B820ED4A78EE}.Release|Any CPU.Build.0 = Release|Any CPU
	EndGlobalSection
	GlobalSection(SolutionProperties) = preSolution
		HideSolutionNode = FALSE
	EndGlobalSection
	GlobalSection(ExtensibilityGlobals) = postSolution
		SolutionGuid = {249E83D7-358E-4334-9C2C-DEB179F4802A}
	EndGlobalSection
EndGlobal
